{
  "name": "set-state-is-great",
  "version": "0.0.1",
  "lockfileVersion": 1,
  "requires": true,
  "dependencies": {
    "use-force-update": {
      "version": "1.0.6",
      "resolved": "https://registry.npmjs.org/use-force-update/-/use-force-update-1.0.6.tgz",
      "integrity": "sha512-RekeU3l01HIJkwRKouQm+mQ++vWaTRw2qMLPrHB8zupXYKK5a6DkTESm3zjXlPlPnF22Ug1cI/7LPtqPFObSwA=="
    }
  }
}
