# THIS IS AN AUTOGENERATED FILE. DO NOT EDIT THIS FILE DIRECTLY.
# yarn lockfile v1


use-force-update@^1.0.6:
  version "1.0.6"
  resolved "https://registry.yarnpkg.com/use-force-update/-/use-force-update-1.0.6.tgz#5d9f589756f4440609d8288c1e107294fe099b36"
  integrity sha512-RekeU3l01HIJkwRKouQm+mQ++vWaTRw2qMLPrHB8zupXYKK5a6DkTESm3zjXlPlPnF22Ug1cI/7LPtqPFObSwA==
